{
  "name": "gitea-proxy-compatibility",
  "version": "0.0.0",
  "lockfileVersion": 3,
  "requires": true,
  "packages": {
    "": {
      "name": "gitea-proxy-compatibility",
      "version": "0.0.0",
      "license": "MIT",
      "devDependencies": {
        "workerd": "1.20260831.1"
      }
    },
    "node_modules/@cloudflare/workerd-darwin-64": {
      "version": "1.20260831.1",
      "resolved": "https://registry.npmjs.org/@cloudflare/workerd-darwin-64/-/workerd-darwin-64-1.20260831.1.tgz",
      "integrity": "sha512-oyZ8xhu+gYTvoxV/sn6NRmTHK95RhEO1Dk54/6oPb0Uu70w7ZeRoCjkJ5aNmfS8Vrkdu6+oL0HNg6EcC61uQ2Q==",
      "cpu": [
        "x64"
      ],
      "dev": true,
      "license": "Apache-2.0",
      "optional": true,
      "os": [
        "darwin"
      ],
      "engines": {
        "node": ">=16"
      }
    },
    "node_modules/@cloudflare/workerd-darwin-arm64": {
      "version": "1.20260831.1",
      "resolved": "https://registry.npmjs.org/@cloudflare/workerd-darwin-arm64/-/workerd-darwin-arm64-1.20260831.1.tgz",
      "integrity": "sha512-s6Go53KPnoXZ1sTGBZ3en3otfHDuMPJhiwXMYWU21JkJQkpoeRt6HFUwM0GPhK3YhXWm+8baGMvCGZYS/KA9eA==",
      "cpu": [
        "arm64"
      ],
      "dev": true,
      "license": "Apache-2.0",
      "optional": true,
      "os": [
        "darwin"
      ],
      "engines": {
        "node": ">=16"
      }
    },
    "node_modules/@cloudflare/workerd-linux-64": {
      "version": "1.20260831.1",
      "resolved": "https://registry.npmjs.org/@cloudflare/workerd-linux-64/-/workerd-linux-64-1.20260831.1.tgz",
      "integrity": "sha512-WxNKBgjKgeYTolW3yl1Lt3Lu67UlxdeyzWYi9MIqrKBdyQcz+UNG36RevSBf8rv1sTWapRW234VX2keZ+wXapA==",
      "cpu": [
        "x64"
      ],
      "dev": true,
      "license": "Apache-2.0",
      "optional": true,
      "os": [
        "linux"
      ],
      "engines": {
        "node": ">=16"
      }
    },
    "node_modules/@cloudflare/workerd-linux-arm64": {
      "version": "1.20260831.1",
      "resolved": "https://registry.npmjs.org/@cloudflare/workerd-linux-arm64/-/workerd-linux-arm64-1.20260831.1.tgz",
      "integrity": "sha512-JTF9+9clUT3gaCq7Xnmd+Q/wEMaitpngSTOec/Ffb/r3xexA9XwNJVFSOKfk6q61flHGjAYJ4H9B7Mu5Qur49w==",
      "cpu": [
        "arm64"
      ],
      "dev": true,
      "license": "Apache-2.0",
      "optional": true,
      "os": [
        "linux"
      ],
      "engines": {
        "node": ">=16"
      }
    },
    "node_modules/@cloudflare/workerd-windows-64": {
      "version": "1.20260831.1",
      "resolved": "https://registry.npmjs.org/@cloudflare/workerd-windows-64/-/workerd-windows-64-1.20260831.1.tgz",
      "integrity": "sha512-do+KDYw0PABwsrKUQIccWBZB70kqKcADoSnvzJ8pvMaWUVB4qaCspEZYfm97WNdtY1wt8mlKYqIJyYUNOkTvQg==",
      "cpu": [
        "x64"
      ],
      "dev": true,
      "license": "Apache-2.0",
      "optional": true,
      "os": [
        "win32"
      ],
      "engines": {
        "node": ">=16"
      }
    },
    "node_modules/workerd": {
      "version": "1.20260831.1",
      "resolved": "https://registry.npmjs.org/workerd/-/workerd-1.20260831.1.tgz",
      "integrity": "sha512-A2LwrkBel/FnKABPfeBAMiL6v70+rugnunqQRfWsWZjlhsTZoBScWUVunMy/xLCGLjWCQL2zp39AVR6aO0jurQ==",
      "dev": true,
      "hasInstallScript": true,
      "license": "Apache-2.0",
      "bin": {
        "workerd": "bin/workerd"
      },
      "engines": {
        "node": ">=16"
      },
      "optionalDependencies": {
        "@cloudflare/workerd-darwin-64": "1.20260831.1",
        "@cloudflare/workerd-darwin-arm64": "1.20260831.1",
        "@cloudflare/workerd-linux-64": "1.20260831.1",
        "@cloudflare/workerd-linux-arm64": "1.20260831.1",
        "@cloudflare/workerd-windows-64": "1.20260831.1"
      }
    }
  }
}
